// !$*UTF8*$!
{
	archiveVersion = 1;
	classes = {
	};
	objectVersion = 51;
	objects = {

/* Begin PBXBuildFile section */
		5CCFE5BE74FC84C3355E4610 /* libPods-竞彩建模.a in Frameworks */ = {isa = PBXBuildFile; fileRef = 5046FE0249805E8B263F65A3 /* libPods-竞彩建模.a */; };
		FF1CDB21255F7D500023F23F /* UserCenterViewController.m in Sources */ = {isa = PBXBuildFile; fileRef = FF1CDB1F255F7D500023F23F /* UserCenterViewController.m */; };
		FF1CDB27255F7D7D0023F23F /* BlogTableViewHelper.m in Sources */ = {isa = PBXBuildFile; fileRef = FF1CDB26255F7D7D0023F23F /* BlogTableViewHelper.m */; };
		FF1CDB2E255F7D9F0023F23F /* UserHeadCell.xib in Resources */ = {isa = PBXBuildFile; fileRef = FF1CDB2B255F7D9F0023F23F /* UserHeadCell.xib */; };
		FF1CDB2F255F7D9F0023F23F /* UserHeadCell.m in Sources */ = {isa = PBXBuildFile; fileRef = FF1CDB2C255F7D9F0023F23F /* UserHeadCell.m */; };
		FF1CDB36255F7DAF0023F23F /* HomeModuleCell.m in Sources */ = {isa = PBXBuildFile; fileRef = FF1CDB33255F7DAF0023F23F /* HomeModuleCell.m */; };
		FF1CDB37255F7DAF0023F23F /* HomeModuleCell.xib in Resources */ = {isa = PBXBuildFile; fileRef = FF1CDB35255F7DAF0023F23F /* HomeModuleCell.xib */; };
		FF1CDB3D255F7DF40023F23F /* UserCenterFootCell.m in Sources */ = {isa = PBXBuildFile; fileRef = FF1CDB3C255F7DF40023F23F /* UserCenterFootCell.m */; };
		FF1CDB48255F7FFE0023F23F /* CustomUtil.m in Sources */ = {isa = PBXBuildFile; fileRef = FF1CDB47255F7FFE0023F23F /* CustomUtil.m */; };
		FF1CDB5C255F83960023F23F /* RRCMatchSetViewController.xib in Resources */ = {isa = PBXBuildFile; fileRef = FF1CDB5B255F83960023F23F /* RRCMatchSetViewController.xib */; };
		FF2D38692522E65D008896D7 /* RRCMatchRateModel.m in Sources */ = {isa = PBXBuildFile; fileRef = FF2D38682522E65D008896D7 /* RRCMatchRateModel.m */; };
		FF2D38932522EF8B008896D7 /* GGCDateRateViewController.m in Sources */ = {isa = PBXBuildFile; fileRef = FF2D38922522EF8B008896D7 /* GGCDateRateViewController.m */; };
		FF745928248DCB2F00FDF646 /* AppDelegate.m in Sources */ = {isa = PBXBuildFile; fileRef = FF745927248DCB2F00FDF646 /* AppDelegate.m */; };
		FF74592B248DCB2F00FDF646 /* SceneDelegate.m in Sources */ = {isa = PBXBuildFile; fileRef = FF74592A248DCB2F00FDF646 /* SceneDelegate.m */; };
		FF745931248DCB2F00FDF646 /* Main.storyboard in Resources */ = {isa = PBXBuildFile; fileRef = FF74592F248DCB2F00FDF646 /* Main.storyboard */; };
		FF745933248DCB3200FDF646 /* Assets.xcassets in Resources */ = {isa = PBXBuildFile; fileRef = FF745932248DCB3200FDF646 /* Assets.xcassets */; };
		FF745936248DCB3200FDF646 /* LaunchScreen.storyboard in Resources */ = {isa = PBXBuildFile; fileRef = FF745934248DCB3200FDF646 /* LaunchScreen.storyboard */; };
		FF745939248DCB3200FDF646 /* main.m in Sources */ = {isa = PBXBuildFile; fileRef = FF745938248DCB3200FDF646 /* main.m */; };
		FF745943248DCB3200FDF646 /* ____Tests.m in Sources */ = {isa = PBXBuildFile; fileRef = FF745942248DCB3200FDF646 /* ____Tests.m */; };
		FF74594E248DCB3200FDF646 /* ____UITests.m in Sources */ = {isa = PBXBuildFile; fileRef = FF74594D248DCB3200FDF646 /* ____UITests.m */; };
		FF745962248DD9A800FDF646 /* ResultModel.m in Sources */ = {isa = PBXBuildFile; fileRef = FF745961248DD9A800FDF646 /* ResultModel.m */; };
		FF745965248DDC5100FDF646 /* ResultViewModel.m in Sources */ = {isa = PBXBuildFile; fileRef = FF745964248DDC5100FDF646 /* ResultViewModel.m */; };
		FF770BA624CA84B70008CDEB /* RRCLeagueConditionViewController.m in Sources */ = {isa = PBXBuildFile; fileRef = FF770BA424CA84B70008CDEB /* RRCLeagueConditionViewController.m */; };
		FF7A2DE424CBD79A00F6DE16 /* RRCLeaguesModel.m in Sources */ = {isa = PBXBuildFile; fileRef = FF7A2DE324CBD79A00F6DE16 /* RRCLeaguesModel.m */; };
		FF7BD145249468F700262FC8 /* RRCScoreViewModel.m in Sources */ = {isa = PBXBuildFile; fileRef = FF7BD141249468F700262FC8 /* RRCScoreViewModel.m */; };
		FF7BD146249468F700262FC8 /* RRCMatchScoreViewController.m in Sources */ = {isa = PBXBuildFile; fileRef = FF7BD144249468F700262FC8 /* RRCMatchScoreViewController.m */; };
		FF84D1B825552F8B001D6506 /* GGCBetRecordListVC.m in Sources */ = {isa = PBXBuildFile; fileRef = FF84D1B625552F8B001D6506 /* GGCBetRecordListVC.m */; };
		FF84D1BF25552FFB001D6506 /* RRCLeafueDelcell.m in Sources */ = {isa = PBXBuildFile; fileRef = FF84D1BD25552FFB001D6506 /* RRCLeafueDelcell.m */; };
		FF84D1C025552FFB001D6506 /* RRCLeafueDelcell.xib in Resources */ = {isa = PBXBuildFile; fileRef = FF84D1BE25552FFB001D6506 /* RRCLeafueDelcell.xib */; };
		FF85E8F8248F34CF00D67F99 /* GGXMatchInfo.m in Sources */ = {isa = PBXBuildFile; fileRef = FF85E8F7248F34CF00D67F99 /* GGXMatchInfo.m */; };
		FF85E8FA248F5EBE00D67F99 /* matchInfo.json in Resources */ = {isa = PBXBuildFile; fileRef = FF85E8F9248F5EBE00D67F99 /* matchInfo.json */; };
		FF85E904248F645600D67F99 /* ResultTableViewCell.xib in Resources */ = {isa = PBXBuildFile; fileRef = FF85E900248F645600D67F99 /* ResultTableViewCell.xib */; };
		FF85E905248F645600D67F99 /* GGCBigSmallBallViewController.m in Sources */ = {isa = PBXBuildFile; fileRef = FF85E901248F645600D67F99 /* GGCBigSmallBallViewController.m */; };
		FF85E906248F645600D67F99 /* ResultTableViewCell.m in Sources */ = {isa = PBXBuildFile; fileRef = FF85E902248F645600D67F99 /* ResultTableViewCell.m */; };
		FF85E90A248F64D800D67F99 /* GGCWarResultViewController.m in Sources */ = {isa = PBXBuildFile; fileRef = FF85E909248F64D800D67F99 /* GGCWarResultViewController.m */; };
		FF85E90E248F64FC00D67F99 /* GGXWarResultCell.m in Sources */ = {isa = PBXBuildFile; fileRef = FF85E90B248F64FB00D67F99 /* GGXWarResultCell.m */; };
		FF85E90F248F64FC00D67F99 /* GGXWarResultCell.xib in Resources */ = {isa = PBXBuildFile; fileRef = FF85E90C248F64FB00D67F99 /* GGXWarResultCell.xib */; };
		FF85E913248F67AE00D67F99 /* GGCRiceListCell.m in Sources */ = {isa = PBXBuildFile; fileRef = FF85E911248F67AE00D67F99 /* GGCRiceListCell.m */; };
		FF85E914248F67AE00D67F99 /* GGCRiceListCell.xib in Resources */ = {isa = PBXBuildFile; fileRef = FF85E912248F67AE00D67F99 /* GGCRiceListCell.xib */; };
		FF85E923248FBBC300D67F99 /* ForecastRecordListViewController.m in Sources */ = {isa = PBXBuildFile; fileRef = FF85E91F248FBBC300D67F99 /* ForecastRecordListViewController.m */; };
		FF85E92B2490DABB00D67F99 /* getMatch.json in Resources */ = {isa = PBXBuildFile; fileRef = FF85E92A2490DABA00D67F99 /* getMatch.json */; };
		FF86DBE6253E8DA500B82BF9 /* RRCMatchSetViewController.m in Sources */ = {isa = PBXBuildFile; fileRef = FF86DBE5253E8DA500B82BF9 /* RRCMatchSetViewController.m */; };
		FF99A1B325621C5B007166D4 /* ForecastRecordListViewController.xib in Resources */ = {isa = PBXBuildFile; fileRef = FF99A1B225621C5A007166D4 /* ForecastRecordListViewController.xib */; };
		FF99A1DA25622A79007166D4 /* GGCBetRecordListVC.xib in Resources */ = {isa = PBXBuildFile; fileRef = FF99A1D925622A79007166D4 /* GGCBetRecordListVC.xib */; };
		FF99A1E925623D97007166D4 /* ShareHandle.m in Sources */ = {isa = PBXBuildFile; fileRef = FF99A1E725623D97007166D4 /* ShareHandle.m */; };
		FF99A1EF2562474F007166D4 /* RRCBetRecordModel.m in Sources */ = {isa = PBXBuildFile; fileRef = FF99A1EE2562474E007166D4 /* RRCBetRecordModel.m */; };
		FFA24D6F255F8606008252A0 /* LoginViewController.xib in Resources */ = {isa = PBXBuildFile; fileRef = FFA24D6D255F8606008252A0 /* LoginViewController.xib */; };
		FFA24D70255F8606008252A0 /* LoginViewController.m in Sources */ = {isa = PBXBuildFile; fileRef = FFA24D6E255F8606008252A0 /* LoginViewController.m */; };
		FFA24D77255F86B6008252A0 /* UserReg1ViewController.m in Sources */ = {isa = PBXBuildFile; fileRef = FFA24D74255F86B6008252A0 /* UserReg1ViewController.m */; };
		FFA24D78255F86B6008252A0 /* UserReg1ViewController.xib in Resources */ = {isa = PBXBuildFile; fileRef = FFA24D75255F86B6008252A0 /* UserReg1ViewController.xib */; };
		FFA24D7F255F8733008252A0 /* EntityUser.m in Sources */ = {isa = PBXBuildFile; fileRef = FFA24D7E255F8733008252A0 /* EntityUser.m */; };
		FFA24D86255F8797008252A0 /* EFUser.m in Sources */ = {isa = PBXBuildFile; fileRef = FFA24D85255F8797008252A0 /* EFUser.m */; };
		FFA24DF7255FACA5008252A0 /* HUDHelper.m in Sources */ = {isa = PBXBuildFile; fileRef = FFA24DF6255FACA5008252A0 /* HUDHelper.m */; };
		FFA24DFD255FAD27008252A0 /* NSString+Common.m in Sources */ = {isa = PBXBuildFile; fileRef = FFA24DFB255FAD27008252A0 /* NSString+Common.m */; };
		FFA24E14255FB879008252A0 /* AddMoneyViewController.m in Sources */ = {isa = PBXBuildFile; fileRef = FFA24E12255FB879008252A0 /* AddMoneyViewController.m */; };
		FFA24E15255FB879008252A0 /* AddMoneyViewController.xib in Resources */ = {isa = PBXBuildFile; fileRef = FFA24E13255FB879008252A0 /* AddMoneyViewController.xib */; };
		FFA24E1B255FB907008252A0 /* AndyDropDownList.m in Sources */ = {isa = PBXBuildFile; fileRef = FFA24E19255FB907008252A0 /* AndyDropDownList.m */; };
		FFA24E21255FB927008252A0 /* EntityGoods.m in Sources */ = {isa = PBXBuildFile; fileRef = FFA24E1F255FB927008252A0 /* EntityGoods.m */; };
		FFA24E27255FB943008252A0 /* EntityCatalog.m in Sources */ = {isa = PBXBuildFile; fileRef = FFA24E25255FB942008252A0 /* EntityCatalog.m */; };
		FFA24E2C255FB9A3008252A0 /* EntityPay.json in Resources */ = {isa = PBXBuildFile; fileRef = FFA24E2B255FB9A3008252A0 /* EntityPay.json */; };
		FFA24E39255FBA0B008252A0 /* TESTDATA.m in Sources */ = {isa = PBXBuildFile; fileRef = FFA24E37255FBA0B008252A0 /* TESTDATA.m */; };
		FFA24E56255FBD74008252A0 /* Service.m in Sources */ = {isa = PBXBuildFile; fileRef = FFA24E54255FBD73008252A0 /* Service.m */; };
		FFA24E5C255FC3C0008252A0 /* YQPayMethodModel.m in Sources */ = {isa = PBXBuildFile; fileRef = FFA24E5B255FC3C0008252A0 /* YQPayMethodModel.m */; };
		FFA24E67255FDE60008252A0 /* HistorryOrderDetailViewController.m in Sources */ = {isa = PBXBuildFile; fileRef = FFA24E62255FDE5F008252A0 /* HistorryOrderDetailViewController.m */; };
		FFA24E68255FDE60008252A0 /* HistorryOrderViewController.xib in Resources */ = {isa = PBXBuildFile; fileRef = FFA24E63255FDE5F008252A0 /* HistorryOrderViewController.xib */; };
		FFA24E69255FDE60008252A0 /* HistorryOrderViewController.m in Sources */ = {isa = PBXBuildFile; fileRef = FFA24E64255FDE5F008252A0 /* HistorryOrderViewController.m */; };
		FFA24E6A255FDE60008252A0 /* HistorryOrderDetailViewController.xib in Resources */ = {isa = PBXBuildFile; fileRef = FFA24E66255FDE5F008252A0 /* HistorryOrderDetailViewController.xib */; };
		FFA24E77255FDEC6008252A0 /* HomeOrderEntity.m in Sources */ = {isa = PBXBuildFile; fileRef = FFA24E76255FDEC6008252A0 /* HomeOrderEntity.m */; };
		FFA24E7E255FDF16008252A0 /* RecordOrderCell.m in Sources */ = {isa = PBXBuildFile; fileRef = FFA24E7D255FDF16008252A0 /* RecordOrderCell.m */; };
		FFA24E84255FDF5E008252A0 /* UserCenterCell.m in Sources */ = {isa = PBXBuildFile; fileRef = FFA24E83255FDF5E008252A0 /* UserCenterCell.m */; };
		FFA24E8A255FDFC0008252A0 /* BSButtonView.m in Sources */ = {isa = PBXBuildFile; fileRef = FFA24E89255FDFC0008252A0 /* BSButtonView.m */; };
		FFA24E93255FDFFE008252A0 /* color_gray@2x.png in Resources */ = {isa = PBXBuildFile; fileRef = FFA24E8E255FDFFC008252A0 /* color_gray@2x.png */; };
		FFA24E94255FDFFE008252A0 /* color_green@2x.png in Resources */ = {isa = PBXBuildFile; fileRef = FFA24E8F255FDFFC008252A0 /* color_green@2x.png */; };
		FFA24E95255FDFFE008252A0 /* color_blue@2x.png in Resources */ = {isa = PBXBuildFile; fileRef = FFA24E90255FDFFD008252A0 /* color_blue@2x.png */; };
		FFA24E96255FDFFE008252A0 /* color_black@2x.png in Resources */ = {isa = PBXBuildFile; fileRef = FFA24E91255FDFFD008252A0 /* color_black@2x.png */; };
		FFA24E97255FDFFE008252A0 /* color_red@2x.png in Resources */ = {isa = PBXBuildFile; fileRef = FFA24E92255FDFFE008252A0 /* color_red@2x.png */; };
		FFC5E112254D2BA0008FB2E7 /* GGCLeagueListViewController.m in Sources */ = {isa = PBXBuildFile; fileRef = FFC5E110254D2BA0008FB2E7 /* GGCLeagueListViewController.m */; };
/* End PBXBuildFile section */

/* Begin PBXContainerItemProxy section */
		FF74593F248DCB3200FDF646 /* PBXContainerItemProxy */ = {
			isa = PBXContainerItemProxy;
			containerPortal = FF74591B248DCB2F00FDF646 /* Project object */;
			proxyType = 1;
			remoteGlobalIDString = FF745922248DCB2F00FDF646;
			remoteInfo = "竞彩建模";
		};
		FF74594A248DCB3200FDF646 /* PBXContainerItemProxy */ = {
			isa = PBXContainerItemProxy;
			containerPortal = FF74591B248DCB2F00FDF646 /* Project object */;
			proxyType = 1;
			remoteGlobalIDString = FF745922248DCB2F00FDF646;
			remoteInfo = "竞彩建模";
		};
/* End PBXContainerItemProxy section */

/* Begin PBXFileReference section */
		27D5A8525CE8CD3D6E74BE7E /* Pods-竞彩建模.debug.xcconfig */ = {isa = PBXFileReference; includeInIndex = 1; lastKnownFileType = text.xcconfig; name = "Pods-竞彩建模.debug.xcconfig"; path = "Target Support Files/Pods-竞彩建模/Pods-竞彩建模.debug.xcconfig"; sourceTree = "<group>"; };
		5046FE0249805E8B263F65A3 /* libPods-竞彩建模.a */ = {isa = PBXFileReference; explicitFileType = archive.ar; includeInIndex = 0; path = "libPods-竞彩建模.a"; sourceTree = BUILT_PRODUCTS_DIR; };
		8DF31F5D0D961AF997DF13EE /* Pods-竞彩建模.release.xcconfig */ = {isa = PBXFileReference; includeInIndex = 1; lastKnownFileType = text.xcconfig; name = "Pods-竞彩建模.release.xcconfig"; path = "Target Support Files/Pods-竞彩建模/Pods-竞彩建模.release.xcconfig"; sourceTree = "<group>"; };
		FF1CDB1D255F7D500023F23F /* UserCenterViewController.h */ = {isa = PBXFileReference; fileEncoding = 4; lastKnownFileType = sourcecode.c.h; path = UserCenterViewController.h; sourceTree = "<group>"; };
		FF1CDB1F255F7D500023F23F /* UserCenterViewController.m */ = {isa = PBXFileReference; fileEncoding = 4; lastKnownFileType = sourcecode.c.objc; path = UserCenterViewController.m; sourceTree = "<group>"; };
		FF1CDB25255F7D7D0023F23F /* BlogTableViewHelper.h */ = {isa = PBXFileReference; fileEncoding = 4; lastKnownFileType = sourcecode.c.h; path = BlogTableViewHelper.h; sourceTree = "<group>"; };
		FF1CDB26255F7D7D0023F23F /* BlogTableViewHelper.m */ = {isa = PBXFileReference; fileEncoding = 4; lastKnownFileType = sourcecode.c.objc; path = BlogTableViewHelper.m; sourceTree = "<group>"; };
		FF1CDB2B255F7D9F0023F23F /* UserHeadCell.xib */ = {isa = PBXFileReference; fileEncoding = 4; lastKnownFileType = file.xib; path = UserHeadCell.xib; sourceTree = "<group>"; };
		FF1CDB2C255F7D9F0023F23F /* UserHeadCell.m */ = {isa = PBXFileReference; fileEncoding = 4; lastKnownFileType = sourcecode.c.objc; path = UserHeadCell.m; sourceTree = "<group>"; };
		FF1CDB2D255F7D9F0023F23F /* UserHeadCell.h */ = {isa = PBXFileReference; fileEncoding = 4; lastKnownFileType = sourcecode.c.h; path = UserHeadCell.h; sourceTree = "<group>"; };
		FF1CDB33255F7DAF0023F23F /* HomeModuleCell.m */ = {isa = PBXFileReference; fileEncoding = 4; lastKnownFileType = sourcecode.c.objc; path = HomeModuleCell.m; sourceTree = "<group>"; };
		FF1CDB34255F7DAF0023F23F /* HomeModuleCell.h */ = {isa = PBXFileReference; fileEncoding = 4; lastKnownFileType = sourcecode.c.h; path = HomeModuleCell.h; sourceTree = "<group>"; };
		FF1CDB35255F7DAF0023F23F /* HomeModuleCell.xib */ = {isa = PBXFileReference; fileEncoding = 4; lastKnownFileType = file.xib; path = HomeModuleCell.xib; sourceTree = "<group>"; };
		FF1CDB3B255F7DF40023F23F /* UserCenterFootCell.h */ = {isa = PBXFileReference; fileEncoding = 4; lastKnownFileType = sourcecode.c.h; path = UserCenterFootCell.h; sourceTree = "<group>"; };
		FF1CDB3C255F7DF40023F23F /* UserCenterFootCell.m */ = {isa = PBXFileReference; fileEncoding = 4; lastKnownFileType = sourcecode.c.objc; path = UserCenterFootCell.m; sourceTree = "<group>"; };
		FF1CDB46255F7FFE0023F23F /* CustomUtil.h */ = {isa = PBXFileReference; fileEncoding = 4; lastKnownFileType = sourcecode.c.h; path = CustomUtil.h; sourceTree = "<group>"; };
		FF1CDB47255F7FFE0023F23F /* CustomUtil.m */ = {isa = PBXFileReference; fileEncoding = 4; lastKnownFileType = sourcecode.c.objc; path = CustomUtil.m; sourceTree = "<group>"; };
		FF1CDB4C255F80D40023F23F /* PrefixHeader.pch */ = {isa = PBXFileReference; fileEncoding = 4; lastKnownFileType = sourcecode.c.h; path = PrefixHeader.pch; sourceTree = "<group>"; };
		FF1CDB4D255F80EE0023F23F /* Config.h */ = {isa = PBXFileReference; fileEncoding = 4; lastKnownFileType = sourcecode.c.h; path = Config.h; sourceTree = "<group>"; };
		FF1CDB4E255F80EE0023F23F /* Macro.h */ = {isa = PBXFileReference; fileEncoding = 4; lastKnownFileType = sourcecode.c.h; path = Macro.h; sourceTree = "<group>"; };
		FF1CDB5B255F83960023F23F /* RRCMatchSetViewController.xib */ = {isa = PBXFileReference; lastKnownFileType = file.xib; path = RRCMatchSetViewController.xib; sourceTree = "<group>"; };
		FF2D38672522E65D008896D7 /* RRCMatchRateModel.h */ = {isa = PBXFileReference; lastKnownFileType = sourcecode.c.h; path = RRCMatchRateModel.h; sourceTree = "<group>"; };
		FF2D38682522E65D008896D7 /* RRCMatchRateModel.m */ = {isa = PBXFileReference; lastKnownFileType = sourcecode.c.objc; path = RRCMatchRateModel.m; sourceTree = "<group>"; };
		FF2D38912522EF8B008896D7 /* GGCDateRateViewController.h */ = {isa = PBXFileReference; lastKnownFileType = sourcecode.c.h; path = GGCDateRateViewController.h; sourceTree = "<group>"; };
		FF2D38922522EF8B008896D7 /* GGCDateRateViewController.m */ = {isa = PBXFileReference; lastKnownFileType = sourcecode.c.objc; path = GGCDateRateViewController.m; sourceTree = "<group>"; };
		FF745923248DCB2F00FDF646 /* 建模.app */ = {isa = PBXFileReference; explicitFileType = wrapper.application; includeInIndex = 0; path = "建模.app"; sourceTree = BUILT_PRODUCTS_DIR; };
		FF745926248DCB2F00FDF646 /* AppDelegate.h */ = {isa = PBXFileReference; lastKnownFileType = sourcecode.c.h; path = AppDelegate.h; sourceTree = "<group>"; };
		FF745927248DCB2F00FDF646 /* AppDelegate.m */ = {isa = PBXFileReference; lastKnownFileType = sourcecode.c.objc; path = AppDelegate.m; sourceTree = "<group>"; };
		FF745929248DCB2F00FDF646 /* SceneDelegate.h */ = {isa = PBXFileReference; lastKnownFileType = sourcecode.c.h; path = SceneDelegate.h; sourceTree = "<group>"; };
		FF74592A248DCB2F00FDF646 /* SceneDelegate.m */ = {isa = PBXFileReference; lastKnownFileType = sourcecode.c.objc; path = SceneDelegate.m; sourceTree = "<group>"; };
		FF745930248DCB2F00FDF646 /* Base */ = {isa = PBXFileReference; lastKnownFileType = file.storyboard; name = Base; path = Base.lproj/Main.storyboard; sourceTree = "<group>"; };
		FF745932248DCB3200FDF646 /* Assets.xcassets */ = {isa = PBXFileReference; lastKnownFileType = folder.assetcatalog; path = Assets.xcassets; sourceTree = "<group>"; };
		FF745935248DCB3200FDF646 /* Base */ = {isa = PBXFileReference; lastKnownFileType = file.storyboard; name = Base; path = Base.lproj/LaunchScreen.storyboard; sourceTree = "<group>"; };
		FF745937248DCB3200FDF646 /* Info.plist */ = {isa = PBXFileReference; lastKnownFileType = text.plist.xml; path = Info.plist; sourceTree = "<group>"; };
		FF745938248DCB3200FDF646 /* main.m */ = {isa = PBXFileReference; lastKnownFileType = sourcecode.c.objc; path = main.m; sourceTree = "<group>"; };
		FF74593E248DCB3200FDF646 /* 竞彩建模Tests.xctest */ = {isa = PBXFileReference; explicitFileType = wrapper.cfbundle; includeInIndex = 0; path = "竞彩建模Tests.xctest"; sourceTree = BUILT_PRODUCTS_DIR; };
		FF745942248DCB3200FDF646 /* ____Tests.m */ = {isa = PBXFileReference; lastKnownFileType = sourcecode.c.objc; path = "____Tests.m"; sourceTree = "<group>"; };
		FF745944248DCB3200FDF646 /* Info.plist */ = {isa = PBXFileReference; lastKnownFileType = text.plist.xml; path = Info.plist; sourceTree = "<group>"; };
		FF745949248DCB3200FDF646 /* 竞彩建模UITests.xctest */ = {isa = PBXFileReference; explicitFileType = wrapper.cfbundle; includeInIndex = 0; path = "竞彩建模UITests.xctest"; sourceTree = BUILT_PRODUCTS_DIR; };
		FF74594D248DCB3200FDF646 /* ____UITests.m */ = {isa = PBXFileReference; lastKnownFileType = sourcecode.c.objc; path = "____UITests.m"; sourceTree = "<group>"; };
		FF74594F248DCB3200FDF646 /* Info.plist */ = {isa = PBXFileReference; lastKnownFileType = text.plist.xml; path = Info.plist; sourceTree = "<group>"; };
		FF745960248DD9A800FDF646 /* ResultModel.h */ = {isa = PBXFileReference; lastKnownFileType = sourcecode.c.h; path = ResultModel.h; sourceTree = "<group>"; };
		FF745961248DD9A800FDF646 /* ResultModel.m */ = {isa = PBXFileReference; lastKnownFileType = sourcecode.c.objc; path = ResultModel.m; sourceTree = "<group>"; };
		FF745963248DDC5100FDF646 /* ResultViewModel.h */ = {isa = PBXFileReference; lastKnownFileType = sourcecode.c.h; path = ResultViewModel.h; sourceTree = "<group>"; };
		FF745964248DDC5100FDF646 /* ResultViewModel.m */ = {isa = PBXFileReference; lastKnownFileType = sourcecode.c.objc; path = ResultViewModel.m; sourceTree = "<group>"; };
		FF770BA424CA84B70008CDEB /* RRCLeagueConditionViewController.m */ = {isa = PBXFileReference; fileEncoding = 4; lastKnownFileType = sourcecode.c.objc; path = RRCLeagueConditionViewController.m; sourceTree = "<group>"; };
		FF770BA524CA84B70008CDEB /* RRCLeagueConditionViewController.h */ = {isa = PBXFileReference; fileEncoding = 4; lastKnownFileType = sourcecode.c.h; path = RRCLeagueConditionViewController.h; sourceTree = "<group>"; };
		FF7A2DE224CBD79A00F6DE16 /* RRCLeaguesModel.h */ = {isa = PBXFileReference; fileEncoding = 4; lastKnownFileType = sourcecode.c.h; path = RRCLeaguesModel.h; sourceTree = "<group>"; };
		FF7A2DE324CBD79A00F6DE16 /* RRCLeaguesModel.m */ = {isa = PBXFileReference; fileEncoding = 4; lastKnownFileType = sourcecode.c.objc; path = RRCLeaguesModel.m; sourceTree = "<group>"; };
		FF7BD141249468F700262FC8 /* RRCScoreViewModel.m */ = {isa = PBXFileReference; fileEncoding = 4; lastKnownFileType = sourcecode.c.objc; path = RRCScoreViewModel.m; sourceTree = "<group>"; };
		FF7BD142249468F700262FC8 /* RRCScoreViewModel.h */ = {isa = PBXFileReference; fileEncoding = 4; lastKnownFileType = sourcecode.c.h; path = RRCScoreViewModel.h; sourceTree = "<group>"; };
		FF7BD143249468F700262FC8 /* RRCMatchScoreViewController.h */ = {isa = PBXFileReference; fileEncoding = 4; lastKnownFileType = sourcecode.c.h; path = RRCMatchScoreViewController.h; sourceTree = "<group>"; };
		FF7BD144249468F700262FC8 /* RRCMatchScoreViewController.m */ = {isa = PBXFileReference; fileEncoding = 4; lastKnownFileType = sourcecode.c.objc; path = RRCMatchScoreViewController.m; sourceTree = "<group>"; };
		FF84D1B625552F8B001D6506 /* GGCBetRecordListVC.m */ = {isa = PBXFileReference; fileEncoding = 4; lastKnownFileType = sourcecode.c.objc; path = GGCBetRecordListVC.m; sourceTree = "<group>"; };
		FF84D1B725552F8B001D6506 /* GGCBetRecordListVC.h */ = {isa = PBXFileReference; fileEncoding = 4; lastKnownFileType = sourcecode.c.h; path = GGCBetRecordListVC.h; sourceTree = "<group>"; };
		FF84D1BC25552FFB001D6506 /* RRCLeafueDelcell.h */ = {isa = PBXFileReference; lastKnownFileType = sourcecode.c.h; path = RRCLeafueDelcell.h; sourceTree = "<group>"; };
		FF84D1BD25552FFB001D6506 /* RRCLeafueDelcell.m */ = {isa = PBXFileReference; lastKnownFileType = sourcecode.c.objc; path = RRCLeafueDelcell.m; sourceTree = "<group>"; };
		FF84D1BE25552FFB001D6506 /* RRCLeafueDelcell.xib */ = {isa = PBXFileReference; lastKnownFileType = file.xib; path = RRCLeafueDelcell.xib; sourceTree = "<group>"; };
		FF85E8F6248F34CF00D67F99 /* GGXMatchInfo.h */ = {isa = PBXFileReference; lastKnownFileType = sourcecode.c.h; path = GGXMatchInfo.h; sourceTree = "<group>"; };
		FF85E8F7248F34CF00D67F99 /* GGXMatchInfo.m */ = {isa = PBXFileReference; lastKnownFileType = sourcecode.c.objc; path = GGXMatchInfo.m; sourceTree = "<group>"; };
		FF85E8F9248F5EBE00D67F99 /* matchInfo.json */ = {isa = PBXFileReference; fileEncoding = 4; lastKnownFileType = text.json; path = matchInfo.json; sourceTree = "<group>"; };
		FF85E8FF248F645600D67F99 /* ResultTableViewCell.h */ = {isa = PBXFileReference; fileEncoding = 4; lastKnownFileType = sourcecode.c.h; path = ResultTableViewCell.h; sourceTree = "<group>"; };
		FF85E900248F645600D67F99 /* ResultTableViewCell.xib */ = {isa = PBXFileReference; fileEncoding = 4; lastKnownFileType = file.xib; path = ResultTableViewCell.xib; sourceTree = "<group>"; };
		FF85E901248F645600D67F99 /* GGCBigSmallBallViewController.m */ = {isa = PBXFileReference; fileEncoding = 4; lastKnownFileType = sourcecode.c.objc; path = GGCBigSmallBallViewController.m; sourceTree = "<group>"; };
		FF85E902248F645600D67F99 /* ResultTableViewCell.m */ = {isa = PBXFileReference; fileEncoding = 4; lastKnownFileType = sourcecode.c.objc; path = ResultTableViewCell.m; sourceTree = "<group>"; };
		FF85E903248F645600D67F99 /* GGCBigSmallBallViewController.h */ = {isa = PBXFileReference; fileEncoding = 4; lastKnownFileType = sourcecode.c.h; path = GGCBigSmallBallViewController.h; sourceTree = "<group>"; };
		FF85E908248F64D800D67F99 /* GGCWarResultViewController.h */ = {isa = PBXFileReference; lastKnownFileType = sourcecode.c.h; path = GGCWarResultViewController.h; sourceTree = "<group>"; };
		FF85E909248F64D800D67F99 /* GGCWarResultViewController.m */ = {isa = PBXFileReference; lastKnownFileType = sourcecode.c.objc; path = GGCWarResultViewController.m; sourceTree = "<group>"; };
		FF85E90B248F64FB00D67F99 /* GGXWarResultCell.m */ = {isa = PBXFileReference; fileEncoding = 4; lastKnownFileType = sourcecode.c.objc; path = GGXWarResultCell.m; sourceTree = "<group>"; };
		FF85E90C248F64FB00D67F99 /* GGXWarResultCell.xib */ = {isa = PBXFileReference; fileEncoding = 4; lastKnownFileType = file.xib; path = GGXWarResultCell.xib; sourceTree = "<group>"; };
		FF85E90D248F64FB00D67F99 /* GGXWarResultCell.h */ = {isa = PBXFileReference; fileEncoding = 4; lastKnownFileType = sourcecode.c.h; path = GGXWarResultCell.h; sourceTree = "<group>"; };
		FF85E910248F67AE00D67F99 /* GGCRiceListCell.h */ = {isa = PBXFileReference; lastKnownFileType = sourcecode.c.h; path = GGCRiceListCell.h; sourceTree = "<group>"; };
		FF85E911248F67AE00D67F99 /* GGCRiceListCell.m */ = {isa = PBXFileReference; lastKnownFileType = sourcecode.c.objc; path = GGCRiceListCell.m; sourceTree = "<group>"; };
		FF85E912248F67AE00D67F99 /* GGCRiceListCell.xib */ = {isa = PBXFileReference; lastKnownFileType = file.xib; path = GGCRiceListCell.xib; sourceTree = "<group>"; };
		FF85E91E248FBBC300D67F99 /* ForecastRecordListViewController.h */ = {isa = PBXFileReference; fileEncoding = 4; lastKnownFileType = sourcecode.c.h; path = ForecastRecordListViewController.h; sourceTree = "<group>"; };
		FF85E91F248FBBC300D67F99 /* ForecastRecordListViewController.m */ = {isa = PBXFileReference; fileEncoding = 4; lastKnownFileType = sourcecode.c.objc; path = ForecastRecordListViewController.m; sourceTree = "<group>"; };
		FF85E92A2490DABA00D67F99 /* getMatch.json */ = {isa = PBXFileReference; fileEncoding = 4; lastKnownFileType = text.json; path = getMatch.json; sourceTree = "<group>"; };
		FF86DBE4253E8DA500B82BF9 /* RRCMatchSetViewController.h */ = {isa = PBXFileReference; lastKnownFileType = sourcecode.c.h; path = RRCMatchSetViewController.h; sourceTree = "<group>"; };
		FF86DBE5253E8DA500B82BF9 /* RRCMatchSetViewController.m */ = {isa = PBXFileReference; lastKnownFileType = sourcecode.c.objc; path = RRCMatchSetViewController.m; sourceTree = "<group>"; };
		FF99A1B225621C5A007166D4 /* ForecastRecordListViewController.xib */ = {isa = PBXFileReference; lastKnownFileType = file.xib; path = ForecastRecordListViewController.xib; sourceTree = "<group>"; };
		FF99A1D925622A79007166D4 /* GGCBetRecordListVC.xib */ = {isa = PBXFileReference; lastKnownFileType = file.xib; path = GGCBetRecordListVC.xib; sourceTree = "<group>"; };
		FF99A1E725623D97007166D4 /* ShareHandle.m */ = {isa = PBXFileReference; fileEncoding = 4; lastKnownFileType = sourcecode.c.objc; path = ShareHandle.m; sourceTree = "<group>"; };
		FF99A1E825623D97007166D4 /* ShareHandle.h */ = {isa = PBXFileReference; fileEncoding = 4; lastKnownFileType = sourcecode.c.h; path = ShareHandle.h; sourceTree = "<group>"; };
		FF99A1ED2562474E007166D4 /* RRCBetRecordModel.h */ = {isa = PBXFileReference; lastKnownFileType = sourcecode.c.h; path = RRCBetRecordModel.h; sourceTree = "<group>"; };
		FF99A1EE2562474E007166D4 /* RRCBetRecordModel.m */ = {isa = PBXFileReference; lastKnownFileType = sourcecode.c.objc; path = RRCBetRecordModel.m; sourceTree = "<group>"; };
		FFA24D6C255F8606008252A0 /* LoginViewController.h */ = {isa = PBXFileReference; fileEncoding = 4; lastKnownFileType = sourcecode.c.h; path = LoginViewController.h; sourceTree = "<group>"; };
		FFA24D6D255F8606008252A0 /* LoginViewController.xib */ = {isa = PBXFileReference; fileEncoding = 4; lastKnownFileType = file.xib; path = LoginViewController.xib; sourceTree = "<group>"; };
		FFA24D6E255F8606008252A0 /* LoginViewController.m */ = {isa = PBXFileReference; fileEncoding = 4; lastKnownFileType = sourcecode.c.objc; path = LoginViewController.m; sourceTree = "<group>"; };
		FFA24D74255F86B6008252A0 /* UserReg1ViewController.m */ = {isa = PBXFileReference; fileEncoding = 4; lastKnownFileType = sourcecode.c.objc; path = UserReg1ViewController.m; sourceTree = "<group>"; };
		FFA24D75255F86B6008252A0 /* UserReg1ViewController.xib */ = {isa = PBXFileReference; fileEncoding = 4; lastKnownFileType = file.xib; path = UserReg1ViewController.xib; sourceTree = "<group>"; };
		FFA24D76255F86B6008252A0 /* UserReg1ViewController.h */ = {isa = PBXFileReference; fileEncoding = 4; lastKnownFileType = sourcecode.c.h; path = UserReg1ViewController.h; sourceTree = "<group>"; };
		FFA24D7D255F8732008252A0 /* EntityUser.h */ = {isa = PBXFileReference; fileEncoding = 4; lastKnownFileType = sourcecode.c.h; path = EntityUser.h; sourceTree = "<group>"; };
		FFA24D7E255F8733008252A0 /* EntityUser.m */ = {isa = PBXFileReference; fileEncoding = 4; lastKnownFileType = sourcecode.c.objc; path = EntityUser.m; sourceTree = "<group>"; };
		FFA24D84255F8797008252A0 /* EFUser.h */ = {isa = PBXFileReference; fileEncoding = 4; lastKnownFileType = sourcecode.c.h; path = EFUser.h; sourceTree = "<group>"; };
		FFA24D85255F8797008252A0 /* EFUser.m */ = {isa = PBXFileReference; fileEncoding = 4; lastKnownFileType = sourcecode.c.objc; path = EFUser.m; sourceTree = "<group>"; };
		FFA24DF5255FACA4008252A0 /* HUDHelper.h */ = {isa = PBXFileReference; fileEncoding = 4; lastKnownFileType = sourcecode.c.h; path = HUDHelper.h; sourceTree = "<group>"; };
		FFA24DF6255FACA5008252A0 /* HUDHelper.m */ = {isa = PBXFileReference; fileEncoding = 4; lastKnownFileType = sourcecode.c.objc; path = HUDHelper.m; sourceTree = "<group>"; };
		FFA24DFB255FAD27008252A0 /* NSString+Common.m */ = {isa = PBXFileReference; fileEncoding = 4; lastKnownFileType = sourcecode.c.objc; path = "NSString+Common.m"; sourceTree = "<group>"; };
		FFA24DFC255FAD27008252A0 /* NSString+Common.h */ = {isa = PBXFileReference; fileEncoding = 4; lastKnownFileType = sourcecode.c.h; path = "NSString+Common.h"; sourceTree = "<group>"; };
		FFA24E11255FB878008252A0 /* AddMoneyViewController.h */ = {isa = PBXFileReference; fileEncoding = 4; lastKnownFileType = sourcecode.c.h; path = AddMoneyViewController.h; sourceTree = "<group>"; };
		FFA24E12255FB879008252A0 /* AddMoneyViewController.m */ = {isa = PBXFileReference; fileEncoding = 4; lastKnownFileType = sourcecode.c.objc; path = AddMoneyViewController.m; sourceTree = "<group>"; };
		FFA24E13255FB879008252A0 /* AddMoneyViewController.xib */ = {isa = PBXFileReference; fileEncoding = 4; lastKnownFileType = file.xib; path = AddMoneyViewController.xib; sourceTree = "<group>"; };
		FFA24E19255FB907008252A0 /* AndyDropDownList.m */ = {isa = PBXFileReference; fileEncoding = 4; lastKnownFileType = sourcecode.c.objc; path = AndyDropDownList.m; sourceTree = "<group>"; };
		FFA24E1A255FB907008252A0 /* AndyDropDownList.h */ = {isa = PBXFileReference; fileEncoding = 4; lastKnownFileType = sourcecode.c.h; path = AndyDropDownList.h; sourceTree = "<group>"; };
		FFA24E1F255FB927008252A0 /* EntityGoods.m */ = {isa = PBXFileReference; fileEncoding = 4; lastKnownFileType = sourcecode.c.objc; path = EntityGoods.m; sourceTree = "<group>"; };
		FFA24E20255FB927008252A0 /* EntityGoods.h */ = {isa = PBXFileReference; fileEncoding = 4; lastKnownFileType = sourcecode.c.h; path = EntityGoods.h; sourceTree = "<group>"; };
		FFA24E25255FB942008252A0 /* EntityCatalog.m */ = {isa = PBXFileReference; fileEncoding = 4; lastKnownFileType = sourcecode.c.objc; path = EntityCatalog.m; sourceTree = "<group>"; };
		FFA24E26255FB943008252A0 /* EntityCatalog.h */ = {isa = PBXFileReference; fileEncoding = 4; lastKnownFileType = sourcecode.c.h; path = EntityCatalog.h; sourceTree = "<group>"; };
		FFA24E2B255FB9A3008252A0 /* EntityPay.json */ = {isa = PBXFileReference; fileEncoding = 4; lastKnownFileType = text.json; path = EntityPay.json; sourceTree = "<group>"; };
		FFA24E37255FBA0B008252A0 /* TESTDATA.m */ = {isa = PBXFileReference; fileEncoding = 4; lastKnownFileType = sourcecode.c.objc; path = TESTDATA.m; sourceTree = "<group>"; };
		FFA24E38255FBA0B008252A0 /* TESTDATA.h */ = {isa = PBXFileReference; fileEncoding = 4; lastKnownFileType = sourcecode.c.h; path = TESTDATA.h; sourceTree = "<group>"; };
		FFA24E54255FBD73008252A0 /* Service.m */ = {isa = PBXFileReference; fileEncoding = 4; lastKnownFileType = sourcecode.c.objc; path = Service.m; sourceTree = "<group>"; };
		FFA24E55255FBD74008252A0 /* Service.h */ = {isa = PBXFileReference; fileEncoding = 4; lastKnownFileType = sourcecode.c.h; path = Service.h; sourceTree = "<group>"; };
		FFA24E5A255FC3C0008252A0 /* YQPayMethodModel.h */ = {isa = PBXFileReference; lastKnownFileType = sourcecode.c.h; path = YQPayMethodModel.h; sourceTree = "<group>"; };
		FFA24E5B255FC3C0008252A0 /* YQPayMethodModel.m */ = {isa = PBXFileReference; lastKnownFileType = sourcecode.c.objc; path = YQPayMethodModel.m; sourceTree = "<group>"; };
		FFA24E61255FDE5F008252A0 /* HistorryOrderViewController.h */ = {isa = PBXFileReference; fileEncoding = 4; lastKnownFileType = sourcecode.c.h; path = HistorryOrderViewController.h; sourceTree = "<group>"; };
		FFA24E62255FDE5F008252A0 /* HistorryOrderDetailViewController.m */ = {isa = PBXFileReference; fileEncoding = 4; lastKnownFileType = sourcecode.c.objc; path = HistorryOrderDetailViewController.m; sourceTree = "<group>"; };
		FFA24E63255FDE5F008252A0 /* HistorryOrderViewController.xib */ = {isa = PBXFileReference; fileEncoding = 4; lastKnownFileType = file.xib; path = HistorryOrderViewController.xib; sourceTree = "<group>"; };
		FFA24E64255FDE5F008252A0 /* HistorryOrderViewController.m */ = {isa = PBXFileReference; fileEncoding = 4; lastKnownFileType = sourcecode.c.objc; path = HistorryOrderViewController.m; sourceTree = "<group>"; };
		FFA24E65255FDE5F008252A0 /* HistorryOrderDetailViewController.h */ = {isa = PBXFileReference; fileEncoding = 4; lastKnownFileType = sourcecode.c.h; path = HistorryOrderDetailViewController.h; sourceTree = "<group>"; };
		FFA24E66255FDE5F008252A0 /* HistorryOrderDetailViewController.xib */ = {isa = PBXFileReference; fileEncoding = 4; lastKnownFileType = file.xib; path = HistorryOrderDetailViewController.xib; sourceTree = "<group>"; };
		FFA24E75255FDEC6008252A0 /* HomeOrderEntity.h */ = {isa = PBXFileReference; fileEncoding = 4; lastKnownFileType = sourcecode.c.h; path = HomeOrderEntity.h; sourceTree = "<group>"; };
		FFA24E76255FDEC6008252A0 /* HomeOrderEntity.m */ = {isa = PBXFileReference; fileEncoding = 4; lastKnownFileType = sourcecode.c.objc; path = HomeOrderEntity.m; sourceTree = "<group>"; };
		FFA24E7C255FDF16008252A0 /* RecordOrderCell.h */ = {isa = PBXFileReference; fileEncoding = 4; lastKnownFileType = sourcecode.c.h; path = RecordOrderCell.h; sourceTree = "<group>"; };
		FFA24E7D255FDF16008252A0 /* RecordOrderCell.m */ = {isa = PBXFileReference; fileEncoding = 4; lastKnownFileType = sourcecode.c.objc; path = RecordOrderCell.m; sourceTree = "<group>"; };
		FFA24E82255FDF5D008252A0 /* UserCenterCell.h */ = {isa = PBXFileReference; fileEncoding = 4; lastKnownFileType = sourcecode.c.h; path = UserCenterCell.h; sourceTree = "<group>"; };
		FFA24E83255FDF5E008252A0 /* UserCenterCell.m */ = {isa = PBXFileReference; fileEncoding = 4; lastKnownFileType = sourcecode.c.objc; path = UserCenterCell.m; sourceTree = "<group>"; };
		FFA24E88255FDFBF008252A0 /* BSButtonView.h */ = {isa = PBXFileReference; fileEncoding = 4; lastKnownFileType = sourcecode.c.h; path = BSButtonView.h; sourceTree = "<group>"; };
		FFA24E89255FDFC0008252A0 /* BSButtonView.m */ = {isa = PBXFileReference; fileEncoding = 4; lastKnownFileType = sourcecode.c.objc; path = BSButtonView.m; sourceTree = "<group>"; };
		FFA24E8E255FDFFC008252A0 /* color_gray@2x.png */ = {isa = PBXFileReference; lastKnownFileType = image.png; path = "color_gray@2x.png"; sourceTree = "<group>"; };
		FFA24E8F255FDFFC008252A0 /* color_green@2x.png */ = {isa = PBXFileReference; lastKnownFileType = image.png; path = "color_green@2x.png"; sourceTree = "<group>"; };
		FFA24E90255FDFFD008252A0 /* color_blue@2x.png */ = {isa = PBXFileReference; lastKnownFileType = image.png; path = "color_blue@2x.png"; sourceTree = "<group>"; };
		FFA24E91255FDFFD008252A0 /* color_black@2x.png */ = {isa = PBXFileReference; lastKnownFileType = image.png; path = "color_black@2x.png"; sourceTree = "<group>"; };
		FFA24E92255FDFFE008252A0 /* color_red@2x.png */ = {isa = PBXFileReference; lastKnownFileType = image.png; path = "color_red@2x.png"; sourceTree = "<group>"; };
		FFC5E110254D2BA0008FB2E7 /* GGCLeagueListViewController.m */ = {isa = PBXFileReference; fileEncoding = 4; lastKnownFileType = sourcecode.c.objc; path = GGCLeagueListViewController.m; sourceTree = "<group>"; };
		FFC5E111254D2BA0008FB2E7 /* GGCLeagueListViewController.h */ = {isa = PBXFileReference; fileEncoding = 4; lastKnownFileType = sourcecode.c.h; path = GGCLeagueListViewController.h; sourceTree = "<group>"; };
/* End PBXFileReference section */

/* Begin PBXFrameworksBuildPhase section */
		FF745920248DCB2F00FDF646 /* Frameworks */ = {
			isa = PBXFrameworksBuildPhase;
			buildActionMask = 2147483647;
			files = (
				5CCFE5BE74FC84C3355E4610 /* libPods-竞彩建模.a in Frameworks */,
			);
			runOnlyForDeploymentPostprocessing = 0;
		};
		FF74593B248DCB3200FDF646 /* Frameworks */ = {
			isa = PBXFrameworksBuildPhase;
			buildActionMask = 2147483647;
			files = (
			);
			runOnlyForDeploymentPostprocessing = 0;
		};
		FF745946248DCB3200FDF646 /* Frameworks */ = {
			isa = PBXFrameworksBuildPhase;
			buildActionMask = 2147483647;
			files = (
			);
			runOnlyForDeploymentPostprocessing = 0;
		};
/* End PBXFrameworksBuildPhase section */

/* Begin PBXGroup section */
		9D91EAB604BD34C37C4F11C6 /* Pods */ = {
			isa = PBXGroup;
			children = (
				27D5A8525CE8CD3D6E74BE7E /* Pods-竞彩建模.debug.xcconfig */,
				8DF31F5D0D961AF997DF13EE /* Pods-竞彩建模.release.xcconfig */,
			);
			path = Pods;
			sourceTree = "<group>";
		};
		AE3E40E094A96A3D67A91019 /* Frameworks */ = {
			isa = PBXGroup;
			children = (
				5046FE0249805E8B263F65A3 /* libPods-竞彩建模.a */,
			);
			name = Frameworks;
			sourceTree = "<group>";
		};
		FF1CDB1C255F7D2F0023F23F /* UserCenter */ = {
			isa = PBXGroup;
			children = (
				FF99A1DF25622F42007166D4 /* TradingRecord */,
				FF99A1D1256228B8007166D4 /* BetRecord */,
				FFA24E60255FDE5F008252A0 /* ForecastRecord */,
				FFA24E0C255FB850008252A0 /* AddMoney */,
				FFA24E0B255FB830008252A0 /* UserInfo */,
			);
			path = UserCenter;
			sourceTree = "<group>";
		};
		FF1CDB44255F7F660023F23F /* Login */ = {
			isa = PBXGroup;
			children = (
				FFA24D6C255F8606008252A0 /* LoginViewController.h */,
				FFA24D6E255F8606008252A0 /* LoginViewController.m */,
				FFA24D6D255F8606008252A0 /* LoginViewController.xib */,
				FFA24D76255F86B6008252A0 /* UserReg1ViewController.h */,
				FFA24D74255F86B6008252A0 /* UserReg1ViewController.m */,
				FFA24D75255F86B6008252A0 /* UserReg1ViewController.xib */,
			);
			path = Login;
			sourceTree = "<group>";
		};
		FF1CDB45255F7FF10023F23F /* Config */ = {
			isa = PBXGroup;
			children = (
				FFA24DFC255FAD27008252A0 /* NSString+Common.h */,
				FFA24DFB255FAD27008252A0 /* NSString+Common.m */,
				FFA24DF5255FACA4008252A0 /* HUDHelper.h */,
				FFA24DF6255FACA5008252A0 /* HUDHelper.m */,
				FF1CDB4D255F80EE0023F23F /* Config.h */,
				FF1CDB46255F7FFE0023F23F /* CustomUtil.h */,
				FF1CDB47255F7FFE0023F23F /* CustomUtil.m */,
				FF1CDB4E255F80EE0023F23F /* Macro.h */,
				FF1CDB4C255F80D40023F23F /* PrefixHeader.pch */,
				FF99A1E825623D97007166D4 /* ShareHandle.h */,
				FF99A1E725623D97007166D4 /* ShareHandle.m */,
			);
			path = Config;
			sourceTree = "<group>";
		};
		FF74591A248DCB2F00FDF646 = {
			isa = PBXGroup;
			children = (
				FF745925248DCB2F00FDF646 /* 竞彩建模 */,
				FF745941248DCB3200FDF646 /* 竞彩建模Tests */,
				FF74594C248DCB3200FDF646 /* 竞彩建模UITests */,
				FF745924248DCB2F00FDF646 /* Products */,
				9D91EAB604BD34C37C4F11C6 /* Pods */,
				AE3E40E094A96A3D67A91019 /* Frameworks */,
			);
			sourceTree = "<group>";
		};
		FF745924248DCB2F00FDF646 /* Products */ = {
			isa = PBXGroup;
			children = (
				FF745923248DCB2F00FDF646 /* 建模.app */,
				FF74593E248DCB3200FDF646 /* 竞彩建模Tests.xctest */,
				FF745949248DCB3200FDF646 /* 竞彩建模UITests.xctest */,
			);
			name = Products;
			sourceTree = "<group>";
		};
		FF745925248DCB2F00FDF646 /* 竞彩建模 */ = {
			isa = PBXGroup;
			children = (
				FF745926248DCB2F00FDF646 /* AppDelegate.h */,
				FF745927248DCB2F00FDF646 /* AppDelegate.m */,
				FF745932248DCB3200FDF646 /* Assets.xcassets */,
				FF1CDB45255F7FF10023F23F /* Config */,
				FF85E91D248FA9AA00D67F99 /* HomeList */,
				FF745937248DCB3200FDF646 /* Info.plist */,
				FF745934248DCB3200FDF646 /* LaunchScreen.storyboard */,
				FF1CDB44255F7F660023F23F /* Login */,
				FF745938248DCB3200FDF646 /* main.m */,
				FF74592F248DCB2F00FDF646 /* Main.storyboard */,
				FF85E8F9248F5EBE00D67F99 /* matchInfo.json */,
				FFA24E30255FB9AE008252A0 /* Resources */,
				FF745929248DCB2F00FDF646 /* SceneDelegate.h */,
				FF74592A248DCB2F00FDF646 /* SceneDelegate.m */,
				FF86DBE3253E8D8C00B82BF9 /* Setting */,
				FF7BD13D2494627F00262FC8 /* StartPredictList */,
				FF1CDB1C255F7D2F0023F23F /* UserCenter */,
				FF85E907248F64B600D67F99 /* WarResult */,
			);
			path = "竞彩建模";
			sourceTree = "<group>";
		};
		FF745941248DCB3200FDF646 /* 竞彩建模Tests */ = {
			isa = PBXGroup;
			children = (
				FF745942248DCB3200FDF646 /* ____Tests.m */,
				FF745944248DCB3200FDF646 /* Info.plist */,
			);
			path = "竞彩建模Tests";
			sourceTree = "<group>";
		};
		FF74594C248DCB3200FDF646 /* 竞彩建模UITests */ = {
			isa = PBXGroup;
			children = (
				FF74594D248DCB3200FDF646 /* ____UITests.m */,
				FF74594F248DCB3200FDF646 /* Info.plist */,
			);
			path = "竞彩建模UITests";
			sourceTree = "<group>";
		};
		FF7BD13D2494627F00262FC8 /* StartPredictList */ = {
			isa = PBXGroup;
			children = (
				FF7BD143249468F700262FC8 /* RRCMatchScoreViewController.h */,
				FF7BD144249468F700262FC8 /* RRCMatchScoreViewController.m */,
				FF7BD142249468F700262FC8 /* RRCScoreViewModel.h */,
				FF7BD141249468F700262FC8 /* RRCScoreViewModel.m */,
			);
			path = StartPredictList;
			sourceTree = "<group>";
		};
		FF85E907248F64B600D67F99 /* WarResult */ = {
			isa = PBXGroup;
			children = (
				FF85E903248F645600D67F99 /* GGCBigSmallBallViewController.h */,
				FF85E901248F645600D67F99 /* GGCBigSmallBallViewController.m */,
				FF85E8FF248F645600D67F99 /* ResultTableViewCell.h */,
				FF85E902248F645600D67F99 /* ResultTableViewCell.m */,
				FF85E900248F645600D67F99 /* ResultTableViewCell.xib */,
				FF85E90D248F64FB00D67F99 /* GGXWarResultCell.h */,
				FF85E90B248F64FB00D67F99 /* GGXWarResultCell.m */,
				FF85E90C248F64FB00D67F99 /* GGXWarResultCell.xib */,
				FF85E908248F64D800D67F99 /* GGCWarResultViewController.h */,
				FF85E909248F64D800D67F99 /* GGCWarResultViewController.m */,
			);
			path = WarResult;
			sourceTree = "<group>";
		};
		FF85E91D248FA9AA00D67F99 /* HomeList */ = {
			isa = PBXGroup;
			children = (
				FFC5E111254D2BA0008FB2E7 /* GGCLeagueListViewController.h */,
				FFC5E110254D2BA0008FB2E7 /* GGCLeagueListViewController.m */,
				FF2D38912522EF8B008896D7 /* GGCDateRateViewController.h */,
				FF2D38922522EF8B008896D7 /* GGCDateRateViewController.m */,
				FF770BA524CA84B70008CDEB /* RRCLeagueConditionViewController.h */,
				FF770BA424CA84B70008CDEB /* RRCLeagueConditionViewController.m */,
			);
			path = HomeList;
			sourceTree = "<group>";
		};
		FF86DBE3253E8D8C00B82BF9 /* Setting */ = {
			isa = PBXGroup;
			children = (
				FF86DBE4253E8DA500B82BF9 /* RRCMatchSetViewController.h */,
				FF86DBE5253E8DA500B82BF9 /* RRCMatchSetViewController.m */,
				FF1CDB5B255F83960023F23F /* RRCMatchSetViewController.xib */,
			);
			path = Setting;
			sourceTree = "<group>";
		};
		FF99A1D1256228B8007166D4 /* BetRecord */ = {
			isa = PBXGroup;
			children = (
				FF99A1DE25622F2E007166D4 /* Model */,
				FF84D1B725552F8B001D6506 /* GGCBetRecordListVC.h */,
				FF84D1B625552F8B001D6506 /* GGCBetRecordListVC.m */,
				FF99A1D925622A79007166D4 /* GGCBetRecordListVC.xib */,
				FF99A1D2256228CB007166D4 /* View */,
			);
			path = BetRecord;
			sourceTree = "<group>";
		};
		FF99A1D2256228CB007166D4 /* View */ = {
			isa = PBXGroup;
			children = (
				FF84D1BC25552FFB001D6506 /* RRCLeafueDelcell.h */,
				FF84D1BD25552FFB001D6506 /* RRCLeafueDelcell.m */,
				FF84D1BE25552FFB001D6506 /* RRCLeafueDelcell.xib */,
			);
			path = View;
			sourceTree = "<group>";
		};
		FF99A1DE25622F2E007166D4 /* Model */ = {
			isa = PBXGroup;
			children = (
				FF99A1ED2562474E007166D4 /* RRCBetRecordModel.h */,
				FF99A1EE2562474E007166D4 /* RRCBetRecordModel.m */,
			);
			path = Model;
			sourceTree = "<group>";
		};
		FF99A1DF25622F42007166D4 /* TradingRecord */ = {
			isa = PBXGroup;
			children = (
				FF99A1E325623BBF007166D4 /* View */,
				FFA24E65255FDE5F008252A0 /* HistorryOrderDetailViewController.h */,
				FFA24E62255FDE5F008252A0 /* HistorryOrderDetailViewController.m */,
				FFA24E66255FDE5F008252A0 /* HistorryOrderDetailViewController.xib */,
				FFA24E61255FDE5F008252A0 /* HistorryOrderViewController.h */,
				FFA24E64255FDE5F008252A0 /* HistorryOrderViewController.m */,
				FFA24E63255FDE5F008252A0 /* HistorryOrderViewController.xib */,
			);
			path = TradingRecord;
			sourceTree = "<group>";
		};
		FF99A1E325623BBF007166D4 /* View */ = {
			isa = PBXGroup;
			children = (
				FFA24E7C255FDF16008252A0 /* RecordOrderCell.h */,
				FFA24E7D255FDF16008252A0 /* RecordOrderCell.m */,
				FFA24E88255FDFBF008252A0 /* BSButtonView.h */,
				FFA24E89255FDFC0008252A0 /* BSButtonView.m */,
			);
			path = View;
			sourceTree = "<group>";
		};
		FFA24D7C255F872B008252A0 /* Model */ = {
			isa = PBXGroup;
			children = (
				FFA24D7D255F8732008252A0 /* EntityUser.h */,
				FFA24D7E255F8733008252A0 /* EntityUser.m */,
			);
			path = Model;
			sourceTree = "<group>";
		};
		FFA24D83255F878C008252A0 /* ViewModel */ = {
			isa = PBXGroup;
			children = (
				FFA24D84255F8797008252A0 /* EFUser.h */,
				FFA24D85255F8797008252A0 /* EFUser.m */,
			);
			path = ViewModel;
			sourceTree = "<group>";
		};
		FFA24E01255FAE7B008252A0 /* View */ = {
			isa = PBXGroup;
			children = (
				FF1CDB25255F7D7D0023F23F /* BlogTableViewHelper.h */,
				FF1CDB26255F7D7D0023F23F /* BlogTableViewHelper.m */,
				FF1CDB34255F7DAF0023F23F /* HomeModuleCell.h */,
				FF1CDB33255F7DAF0023F23F /* HomeModuleCell.m */,
				FF1CDB35255F7DAF0023F23F /* HomeModuleCell.xib */,
				FF1CDB3B255F7DF40023F23F /* UserCenterFootCell.h */,
				FF1CDB3C255F7DF40023F23F /* UserCenterFootCell.m */,
				FF1CDB2D255F7D9F0023F23F /* UserHeadCell.h */,
				FF1CDB2C255F7D9F0023F23F /* UserHeadCell.m */,
				FF1CDB2B255F7D9F0023F23F /* UserHeadCell.xib */,
			);
			path = View;
			sourceTree = "<group>";
		};
		FFA24E0B255FB830008252A0 /* UserInfo */ = {
			isa = PBXGroup;
			children = (
				FFA24E01255FAE7B008252A0 /* View */,
				FFA24D83255F878C008252A0 /* ViewModel */,
				FFA24D7C255F872B008252A0 /* Model */,
				FF1CDB1D255F7D500023F23F /* UserCenterViewController.h */,
				FF1CDB1F255F7D500023F23F /* UserCenterViewController.m */,
			);
			path = UserInfo;
			sourceTree = "<group>";
		};
		FFA24E0C255FB850008252A0 /* AddMoney */ = {
			isa = PBXGroup;
			children = (
				FFA24E10255FB869008252A0 /* Model */,
				FFA24E0F255FB861008252A0 /* ViewController */,
				FFA24E0E255FB85C008252A0 /* View */,
				FFA24E0D255FB855008252A0 /* ViewModel */,
			);
			path = AddMoney;
			sourceTree = "<group>";
		};
		FFA24E0D255FB855008252A0 /* ViewModel */ = {
			isa = PBXGroup;
			children = (
			);
			path = ViewModel;
			sourceTree = "<group>";
		};
		FFA24E0E255FB85C008252A0 /* View */ = {
			isa = PBXGroup;
			children = (
				FFA24E1A255FB907008252A0 /* AndyDropDownList.h */,
				FFA24E19255FB907008252A0 /* AndyDropDownList.m */,
			);
			path = View;
			sourceTree = "<group>";
		};
		FFA24E0F255FB861008252A0 /* ViewController */ = {
			isa = PBXGroup;
			children = (
				FFA24E11255FB878008252A0 /* AddMoneyViewController.h */,
				FFA24E12255FB879008252A0 /* AddMoneyViewController.m */,
				FFA24E13255FB879008252A0 /* AddMoneyViewController.xib */,
			);
			path = ViewController;
			sourceTree = "<group>";
		};
		FFA24E10255FB869008252A0 /* Model */ = {
			isa = PBXGroup;
			children = (
				FFA24E26255FB943008252A0 /* EntityCatalog.h */,
				FFA24E25255FB942008252A0 /* EntityCatalog.m */,
				FFA24E20255FB927008252A0 /* EntityGoods.h */,
				FFA24E1F255FB927008252A0 /* EntityGoods.m */,
				FFA24E5A255FC3C0008252A0 /* YQPayMethodModel.h */,
				FFA24E5B255FC3C0008252A0 /* YQPayMethodModel.m */,
			);
			path = Model;
			sourceTree = "<group>";
		};
		FFA24E30255FB9AE008252A0 /* Resources */ = {
			isa = PBXGroup;
			children = (
				FFA24E91255FDFFD008252A0 /* color_black@2x.png */,
				FFA24E90255FDFFD008252A0 /* color_blue@2x.png */,
				FFA24E8E255FDFFC008252A0 /* color_gray@2x.png */,
				FFA24E8F255FDFFC008252A0 /* color_green@2x.png */,
				FFA24E92255FDFFE008252A0 /* color_red@2x.png */,
				FF85E92A2490DABA00D67F99 /* getMatch.json */,
				FFA24E2B255FB9A3008252A0 /* EntityPay.json */,
				FFA24E55255FBD74008252A0 /* Service.h */,
				FFA24E54255FBD73008252A0 /* Service.m */,
				FFA24E38255FBA0B008252A0 /* TESTDATA.h */,
				FFA24E37255FBA0B008252A0 /* TESTDATA.m */,
			);
			path = Resources;
			sourceTree = "<group>";
		};
		FFA24E60255FDE5F008252A0 /* ForecastRecord */ = {
			isa = PBXGroup;
			children = (
				FFA24E7B255FDF0D008252A0 /* View */,
				FFA24E74255FDEBE008252A0 /* Model */,
				FF85E91E248FBBC300D67F99 /* ForecastRecordListViewController.h */,
				FF85E91F248FBBC300D67F99 /* ForecastRecordListViewController.m */,
				FF99A1B225621C5A007166D4 /* ForecastRecordListViewController.xib */,
			);
			path = ForecastRecord;
			sourceTree = "<group>";
		};
		FFA24E74255FDEBE008252A0 /* Model */ = {
			isa = PBXGroup;
			children = (
				FF7A2DE224CBD79A00F6DE16 /* RRCLeaguesModel.h */,
				FF7A2DE324CBD79A00F6DE16 /* RRCLeaguesModel.m */,
				FF2D38672522E65D008896D7 /* RRCMatchRateModel.h */,
				FF2D38682522E65D008896D7 /* RRCMatchRateModel.m */,
				FF745963248DDC5100FDF646 /* ResultViewModel.h */,
				FF745964248DDC5100FDF646 /* ResultViewModel.m */,
				FF85E8F6248F34CF00D67F99 /* GGXMatchInfo.h */,
				FF85E8F7248F34CF00D67F99 /* GGXMatchInfo.m */,
				FF745960248DD9A800FDF646 /* ResultModel.h */,
				FF745961248DD9A800FDF646 /* ResultModel.m */,
				FFA24E75255FDEC6008252A0 /* HomeOrderEntity.h */,
				FFA24E76255FDEC6008252A0 /* HomeOrderEntity.m */,
			);
			path = Model;
			sourceTree = "<group>";
		};
		FFA24E7B255FDF0D008252A0 /* View */ = {
			isa = PBXGroup;
			children = (
				FF85E910248F67AE00D67F99 /* GGCRiceListCell.h */,
				FF85E911248F67AE00D67F99 /* GGCRiceListCell.m */,
				FF85E912248F67AE00D67F99 /* GGCRiceListCell.xib */,
				FFA24E82255FDF5D008252A0 /* UserCenterCell.h */,
				FFA24E83255FDF5E008252A0 /* UserCenterCell.m */,
			);
			path = View;
			sourceTree = "<group>";
		};
/* End PBXGroup section */

/* Begin PBXNativeTarget section */
		FF745922248DCB2F00FDF646 /* 竞彩建模 */ = {
			isa = PBXNativeTarget;
			buildConfigurationList = FF745952248DCB3200FDF646 /* Build configuration list for PBXNativeTarget "竞彩建模" */;
			buildPhases = (
				7C6F55A1A898F9FC050CDE91 /* [CP] Check Pods Manifest.lock */,
				FF74591F248DCB2F00FDF646 /* Sources */,
				FF745920248DCB2F00FDF646 /* Frameworks */,
				FF745921248DCB2F00FDF646 /* Resources */,
				6719EBB9E0E26483FE5FDAF2 /* [CP] Copy Pods Resources */,
			);
			buildRules = (
			);
			dependencies = (
			);
			name = "竞彩建模";
			productName = "竞彩建模";
			productReference = FF745923248DCB2F00FDF646 /* 建模.app */;
			productType = "com.apple.product-type.application";
		};
		FF74593D248DCB3200FDF646 /* 竞彩建模Tests */ = {
			isa = PBXNativeTarget;
			buildConfigurationList = FF745955248DCB3200FDF646 /* Build configuration list for PBXNativeTarget "竞彩建模Tests" */;
			buildPhases = (
				FF74593A248DCB3200FDF646 /* Sources */,
				FF74593B248DCB3200FDF646 /* Frameworks */,
				FF74593C248DCB3200FDF646 /* Resources */,
			);
			buildRules = (
			);
			dependencies = (
				FF745940248DCB3200FDF646 /* PBXTargetDependency */,
			);
			name = "竞彩建模Tests";
			productName = "竞彩建模Tests";
			productReference = FF74593E248DCB3200FDF646 /* 竞彩建模Tests.xctest */;
			productType = "com.apple.product-type.bundle.unit-test";
		};
		FF745948248DCB3200FDF646 /* 竞彩建模UITests */ = {
			isa = PBXNativeTarget;
			buildConfigurationList = FF745958248DCB3200FDF646 /* Build configuration list for PBXNativeTarget "竞彩建模UITests" */;
			buildPhases = (
				FF745945248DCB3200FDF646 /* Sources */,
				FF745946248DCB3200FDF646 /* Frameworks */,
				FF745947248DCB3200FDF646 /* Resources */,
			);
			buildRules = (
			);
			dependencies = (
				FF74594B248DCB3200FDF646 /* PBXTargetDependency */,
			);
			name = "竞彩建模UITests";
			productName = "竞彩建模UITests";
			productReference = FF745949248DCB3200FDF646 /* 竞彩建模UITests.xctest */;
			productType = "com.apple.product-type.bundle.ui-testing";
		};
/* End PBXNativeTarget section */

/* Begin PBXProject section */
		FF74591B248DCB2F00FDF646 /* Project object */ = {
			isa = PBXProject;
			attributes = {
				LastUpgradeCheck = 1150;
				ORGANIZATIONNAME = renrencai;
				TargetAttributes = {
					FF745922248DCB2F00FDF646 = {
						CreatedOnToolsVersion = 11.5;
					};
					FF74593D248DCB3200FDF646 = {
						CreatedOnToolsVersion = 11.5;
						TestTargetID = FF745922248DCB2F00FDF646;
					};
					FF745948248DCB3200FDF646 = {
						CreatedOnToolsVersion = 11.5;
						TestTargetID = FF745922248DCB2F00FDF646;
					};
				};
			};
			buildConfigurationList = FF74591E248DCB2F00FDF646 /* Build configuration list for PBXProject "竞彩建模" */;
			compatibilityVersion = "Xcode 9.3";
			developmentRegion = en;
			hasScannedForEncodings = 0;
			knownRegions = (
				en,
				Base,
			);
			mainGroup = FF74591A248DCB2F00FDF646;
			productRefGroup = FF745924248DCB2F00FDF646 /* Products */;
			projectDirPath = "";
			projectRoot = "";
			targets = (
				FF745922248DCB2F00FDF646 /* 竞彩建模 */,
				FF74593D248DCB3200FDF646 /* 竞彩建模Tests */,
				FF745948248DCB3200FDF646 /* 竞彩建模UITests */,
			);
		};
/* End PBXProject section */

/* Begin PBXResourcesBuildPhase section */
		FF745921248DCB2F00FDF646 /* Resources */ = {
			isa = PBXResourcesBuildPhase;
			buildActionMask = 2147483647;
			files = (
				FF85E914248F67AE00D67F99 /* GGCRiceListCell.xib in Resources */,
				FF1CDB5C255F83960023F23F /* RRCMatchSetViewController.xib in Resources */,
				FFA24E94255FDFFE008252A0 /* color_green@2x.png in Resources */,
				FF84D1C025552FFB001D6506 /* RRCLeafueDelcell.xib in Resources */,
				FFA24E95255FDFFE008252A0 /* color_blue@2x.png in Resources */,
				FFA24E15255FB879008252A0 /* AddMoneyViewController.xib in Resources */,
				FF745936248DCB3200FDF646 /* LaunchScreen.storyboard in Resources */,
				FF1CDB2E255F7D9F0023F23F /* UserHeadCell.xib in Resources */,
				FF85E92B2490DABB00D67F99 /* getMatch.json in Resources */,
				FF1CDB37255F7DAF0023F23F /* HomeModuleCell.xib in Resources */,
				FFA24E68255FDE60008252A0 /* HistorryOrderViewController.xib in Resources */,
				FF745933248DCB3200FDF646 /* Assets.xcassets in Resources */,
				FFA24D78255F86B6008252A0 /* UserReg1ViewController.xib in Resources */,
				FF85E904248F645600D67F99 /* ResultTableViewCell.xib in Resources */,
				FF99A1B325621C5B007166D4 /* ForecastRecordListViewController.xib in Resources */,
				FFA24E6A255FDE60008252A0 /* HistorryOrderDetailViewController.xib in Resources */,
				FFA24D6F255F8606008252A0 /* LoginViewController.xib in Resources */,
				FFA24E96255FDFFE008252A0 /* color_black@2x.png in Resources */,
				FF745931248DCB2F00FDF646 /* Main.storyboard in Resources */,
				FFA24E97255FDFFE008252A0 /* color_red@2x.png in Resources */,
				FFA24E2C255FB9A3008252A0 /* EntityPay.json in Resources */,
				FF99A1DA25622A79007166D4 /* GGCBetRecordListVC.xib in Resources */,
				FF85E90F248F64FC00D67F99 /* GGXWarResultCell.xib in Resources */,
				FFA24E93255FDFFE008252A0 /* color_gray@2x.png in Resources */,
				FF85E8FA248F5EBE00D67F99 /* matchInfo.json in Resources */,
			);
			runOnlyForDeploymentPostprocessing = 0;
		};
		FF74593C248DCB3200FDF646 /* Resources */ = {
			isa = PBXResourcesBuildPhase;
			buildActionMask = 2147483647;
			files = (
			);
			runOnlyForDeploymentPostprocessing = 0;
		};
		FF745947248DCB3200FDF646 /* Resources */ = {
			isa = PBXResourcesBuildPhase;
			buildActionMask = 2147483647;
			files = (
			);
			runOnlyForDeploymentPostprocessing = 0;
		};
/* End PBXResourcesBuildPhase section */

/* Begin PBXShellScriptBuildPhase section */
		6719EBB9E0E26483FE5FDAF2 /* [CP] Copy Pods Resources */ = {
			isa = PBXShellScriptBuildPhase;
			buildActionMask = 2147483647;
			files = (
			);
			inputFileListPaths = (
				"${PODS_ROOT}/Target Support Files/Pods-竞彩建模/Pods-竞彩建模-resources-${CONFIGURATION}-input-files.xcfilelist",
			);
			name = "[CP] Copy Pods Resources";
			outputFileListPaths = (
				"${PODS_ROOT}/Target Support Files/Pods-竞彩建模/Pods-竞彩建模-resources-${CONFIGURATION}-output-files.xcfilelist",
			);
			runOnlyForDeploymentPostprocessing = 0;
			shellPath = /bin/sh;
			shellScript = "\"${PODS_ROOT}/Target Support Files/Pods-竞彩建模/Pods-竞彩建模-resources.sh\"\n";
			showEnvVarsInLog = 0;
		};
		7C6F55A1A898F9FC050CDE91 /* [CP] Check Pods Manifest.lock */ = {
			isa = PBXShellScriptBuildPhase;
			buildActionMask = 2147483647;
			files = (
			);
			inputFileListPaths = (
			);
			inputPaths = (
				"${PODS_PODFILE_DIR_PATH}/Podfile.lock",
				"${PODS_ROOT}/Manifest.lock",
			);
			name = "[CP] Check Pods Manifest.lock";
			outputFileListPaths = (
			);
			outputPaths = (
				"$(DERIVED_FILE_DIR)/Pods-竞彩建模-checkManifestLockResult.txt",
			);
			runOnlyForDeploymentPostprocessing = 0;
			shellPath = /bin/sh;
			shellScript = "diff \"${PODS_PODFILE_DIR_PATH}/Podfile.lock\" \"${PODS_ROOT}/Manifest.lock\" > /dev/null\nif [ $? != 0 ] ; then\n    # print error to STDERR\n    echo \"error: The sandbox is not in sync with the Podfile.lock. Run 'pod install' or update your CocoaPods installation.\" >&2\n    exit 1\nfi\n# This output is used by Xcode 'outputs' to avoid re-running this script phase.\necho \"SUCCESS\" > \"${SCRIPT_OUTPUT_FILE_0}\"\n";
			showEnvVarsInLog = 0;
		};
/* End PBXShellScriptBuildPhase section */

/* Begin PBXSourcesBuildPhase section */
		FF74591F248DCB2F00FDF646 /* Sources */ = {
			isa = PBXSourcesBuildPhase;
			buildActionMask = 2147483647;
			files = (
				FFA24D77255F86B6008252A0 /* UserReg1ViewController.m in Sources */,
				FFA24D70255F8606008252A0 /* LoginViewController.m in Sources */,
				FF99A1EF2562474F007166D4 /* RRCBetRecordModel.m in Sources */,
				FFA24E5C255FC3C0008252A0 /* YQPayMethodModel.m in Sources */,
				FF2D38932522EF8B008896D7 /* GGCDateRateViewController.m in Sources */,
				FF86DBE6253E8DA500B82BF9 /* RRCMatchSetViewController.m in Sources */,
				FF1CDB3D255F7DF40023F23F /* UserCenterFootCell.m in Sources */,
				FFA24E77255FDEC6008252A0 /* HomeOrderEntity.m in Sources */,
				FFA24E56255FBD74008252A0 /* Service.m in Sources */,
				FF85E905248F645600D67F99 /* GGCBigSmallBallViewController.m in Sources */,
				FFA24E39255FBA0B008252A0 /* TESTDATA.m in Sources */,
				FF85E913248F67AE00D67F99 /* GGCRiceListCell.m in Sources */,
				FFA24E14255FB879008252A0 /* AddMoneyViewController.m in Sources */,
				FF2D38692522E65D008896D7 /* RRCMatchRateModel.m in Sources */,
				FFA24DFD255FAD27008252A0 /* NSString+Common.m in Sources */,
				FF85E8F8248F34CF00D67F99 /* GGXMatchInfo.m in Sources */,
				FF85E923248FBBC300D67F99 /* ForecastRecordListViewController.m in Sources */,
				FFA24D7F255F8733008252A0 /* EntityUser.m in Sources */,
				FFA24E69255FDE60008252A0 /* HistorryOrderViewController.m in Sources */,
				FF745962248DD9A800FDF646 /* ResultModel.m in Sources */,
				FF1CDB21255F7D500023F23F /* UserCenterViewController.m in Sources */,
				FFA24D86255F8797008252A0 /* EFUser.m in Sources */,
				FF7A2DE424CBD79A00F6DE16 /* RRCLeaguesModel.m in Sources */,
				FFA24E7E255FDF16008252A0 /* RecordOrderCell.m in Sources */,
				FF770BA624CA84B70008CDEB /* RRCLeagueConditionViewController.m in Sources */,
				FFA24DF7255FACA5008252A0 /* HUDHelper.m in Sources */,
				FF85E90A248F64D800D67F99 /* GGCWarResultViewController.m in Sources */,
				FF745928248DCB2F00FDF646 /* AppDelegate.m in Sources */,
				FF745939248DCB3200FDF646 /* main.m in Sources */,
				FFA24E27255FB943008252A0 /* EntityCatalog.m in Sources */,
				FF7BD146249468F700262FC8 /* RRCMatchScoreViewController.m in Sources */,
				FF85E90E248F64FC00D67F99 /* GGXWarResultCell.m in Sources */,
				FFC5E112254D2BA0008FB2E7 /* GGCLeagueListViewController.m in Sources */,
				FFA24E8A255FDFC0008252A0 /* BSButtonView.m in Sources */,
				FF74592B248DCB2F00FDF646 /* SceneDelegate.m in Sources */,
				FFA24E1B255FB907008252A0 /* AndyDropDownList.m in Sources */,
				FF1CDB36255F7DAF0023F23F /* HomeModuleCell.m in Sources */,
				FFA24E84255FDF5E008252A0 /* UserCenterCell.m in Sources */,
				FF84D1BF25552FFB001D6506 /* RRCLeafueDelcell.m in Sources */,
				FFA24E21255FB927008252A0 /* EntityGoods.m in Sources */,
				FF99A1E925623D97007166D4 /* ShareHandle.m in Sources */,
				FFA24E67255FDE60008252A0 /* HistorryOrderDetailViewController.m in Sources */,
				FF85E906248F645600D67F99 /* ResultTableViewCell.m in Sources */,
				FF1CDB2F255F7D9F0023F23F /* UserHeadCell.m in Sources */,
				FF84D1B825552F8B001D6506 /* GGCBetRecordListVC.m in Sources */,
				FF1CDB48255F7FFE0023F23F /* CustomUtil.m in Sources */,
				FF745965248DDC5100FDF646 /* ResultViewModel.m in Sources */,
				FF7BD145249468F700262FC8 /* RRCScoreViewModel.m in Sources */,
				FF1CDB27255F7D7D0023F23F /* BlogTableViewHelper.m in Sources */,
			);
			runOnlyForDeploymentPostprocessing = 0;
		};
		FF74593A248DCB3200FDF646 /* Sources */ = {
			isa = PBXSourcesBuildPhase;
			buildActionMask = 2147483647;
			files = (
				FF745943248DCB3200FDF646 /* ____Tests.m in Sources */,
			);
			runOnlyForDeploymentPostprocessing = 0;
		};
		FF745945248DCB3200FDF646 /* Sources */ = {
			isa = PBXSourcesBuildPhase;
			buildActionMask = 2147483647;
			files = (
				FF74594E248DCB3200FDF646 /* ____UITests.m in Sources */,
			);
			runOnlyForDeploymentPostprocessing = 0;
		};
/* End PBXSourcesBuildPhase section */

/* Begin PBXTargetDependency section */
		FF745940248DCB3200FDF646 /* PBXTargetDependency */ = {
			isa = PBXTargetDependency;
			target = FF745922248DCB2F00FDF646 /* 竞彩建模 */;
			targetProxy = FF74593F248DCB3200FDF646 /* PBXContainerItemProxy */;
		};
		FF74594B248DCB3200FDF646 /* PBXTargetDependency */ = {
			isa = PBXTargetDependency;
			target = FF745922248DCB2F00FDF646 /* 竞彩建模 */;
			targetProxy = FF74594A248DCB3200FDF646 /* PBXContainerItemProxy */;
		};
/* End PBXTargetDependency section */

/* Begin PBXVariantGroup section */
		FF74592F248DCB2F00FDF646 /* Main.storyboard */ = {
			isa = PBXVariantGroup;
			children = (
				FF745930248DCB2F00FDF646 /* Base */,
			);
			name = Main.storyboard;
			sourceTree = "<group>";
		};
		FF745934248DCB3200FDF646 /* LaunchScreen.storyboard */ = {
			isa = PBXVariantGroup;
			children = (
				FF745935248DCB3200FDF646 /* Base */,
			);
			name = LaunchScreen.storyboard;
			sourceTree = "<group>";
		};
/* End PBXVariantGroup section */

/* Begin XCBuildConfiguration section */
		FF745950248DCB3200FDF646 /* Debug */ = {
			isa = XCBuildConfiguration;
			buildSettings = {
				ALWAYS_SEARCH_USER_PATHS = NO;
				CLANG_ANALYZER_NONNULL = YES;
				CLANG_ANALYZER_NUMBER_OBJECT_CONVERSION = YES_AGGRESSIVE;
				CLANG_CXX_LANGUAGE_STANDARD = "gnu++14";
				CLANG_CXX_LIBRARY = "libc++";
				CLANG_ENABLE_MODULES = YES;
				CLANG_ENABLE_OBJC_ARC = YES;
				CLANG_ENABLE_OBJC_WEAK = YES;
				CLANG_WARN_BLOCK_CAPTURE_AUTORELEASING = YES;
				CLANG_WARN_BOOL_CONVERSION = YES;
				CLANG_WARN_COMMA = YES;
				CLANG_WARN_CONSTANT_CONVERSION = YES;
				CLANG_WARN_DEPRECATED_OBJC_IMPLEMENTATIONS = YES;
				CLANG_WARN_DIRECT_OBJC_ISA_USAGE = YES_ERROR;
				CLANG_WARN_DOCUMENTATION_COMMENTS = YES;
				CLANG_WARN_EMPTY_BODY = YES;
				CLANG_WARN_ENUM_CONVERSION = YES;
				CLANG_WARN_INFINITE_RECURSION = YES;
				CLANG_WARN_INT_CONVERSION = YES;
				CLANG_WARN_NON_LITERAL_NULL_CONVERSION = YES;
				CLANG_WARN_OBJC_IMPLICIT_RETAIN_SELF = YES;
				CLANG_WARN_OBJC_LITERAL_CONVERSION = YES;
				CLANG_WARN_OBJC_ROOT_CLASS = YES_ERROR;
				CLANG_WARN_RANGE_LOOP_ANALYSIS = YES;
				CLANG_WARN_STRICT_PROTOTYPES = YES;
				CLANG_WARN_SUSPICIOUS_MOVE = YES;
				CLANG_WARN_UNGUARDED_AVAILABILITY = YES_AGGRESSIVE;
				CLANG_WARN_UNREACHABLE_CODE = YES;
				CLANG_WARN__DUPLICATE_METHOD_MATCH = YES;
				COPY_PHASE_STRIP = NO;
				DEBUG_INFORMATION_FORMAT = dwarf;
				ENABLE_STRICT_OBJC_MSGSEND = YES;
				ENABLE_TESTABILITY = YES;
				GCC_C_LANGUAGE_STANDARD = gnu11;
				GCC_DYNAMIC_NO_PIC = NO;
				GCC_NO_COMMON_BLOCKS = YES;
				GCC_OPTIMIZATION_LEVEL = 0;
				GCC_PREPROCESSOR_DEFINITIONS = (
					"DEBUG=1",
					"$(inherited)",
				);
				GCC_WARN_64_TO_32_BIT_CONVERSION = YES;
				GCC_WARN_ABOUT_RETURN_TYPE = YES_ERROR;
				GCC_WARN_UNDECLARED_SELECTOR = YES;
				GCC_WARN_UNINITIALIZED_AUTOS = YES_AGGRESSIVE;
				GCC_WARN_UNUSED_FUNCTION = YES;
				GCC_WARN_UNUSED_VARIABLE = YES;
				IPHONEOS_DEPLOYMENT_TARGET = 13.5;
				MTL_ENABLE_DEBUG_INFO = INCLUDE_SOURCE;
				MTL_FAST_MATH = YES;
				ONLY_ACTIVE_ARCH = YES;
				SDKROOT = iphoneos;
			};
			name = Debug;
		};
		FF745951248DCB3200FDF646 /* Release */ = {
			isa = XCBuildConfiguration;
			buildSettings = {
				ALWAYS_SEARCH_USER_PATHS = NO;
				CLANG_ANALYZER_NONNULL = YES;
				CLANG_ANALYZER_NUMBER_OBJECT_CONVERSION = YES_AGGRESSIVE;
				CLANG_CXX_LANGUAGE_STANDARD = "gnu++14";
				CLANG_CXX_LIBRARY = "libc++";
				CLANG_ENABLE_MODULES = YES;
				CLANG_ENABLE_OBJC_ARC = YES;
				CLANG_ENABLE_OBJC_WEAK = YES;
				CLANG_WARN_BLOCK_CAPTURE_AUTORELEASING = YES;
				CLANG_WARN_BOOL_CONVERSION = YES;
				CLANG_WARN_COMMA = YES;
				CLANG_WARN_CONSTANT_CONVERSION = YES;
				CLANG_WARN_DEPRECATED_OBJC_IMPLEMENTATIONS = YES;
				CLANG_WARN_DIRECT_OBJC_ISA_USAGE = YES_ERROR;
				CLANG_WARN_DOCUMENTATION_COMMENTS = YES;
				CLANG_WARN_EMPTY_BODY = YES;
				CLANG_WARN_ENUM_CONVERSION = YES;
				CLANG_WARN_INFINITE_RECURSION = YES;
				CLANG_WARN_INT_CONVERSION = YES;
				CLANG_WARN_NON_LITERAL_NULL_CONVERSION = YES;
				CLANG_WARN_OBJC_IMPLICIT_RETAIN_SELF = YES;
				CLANG_WARN_OBJC_LITERAL_CONVERSION = YES;
				CLANG_WARN_OBJC_ROOT_CLASS = YES_ERROR;
				CLANG_WARN_RANGE_LOOP_ANALYSIS = YES;
				CLANG_WARN_STRICT_PROTOTYPES = YES;
				CLANG_WARN_SUSPICIOUS_MOVE = YES;
				CLANG_WARN_UNGUARDED_AVAILABILITY = YES_AGGRESSIVE;
				CLANG_WARN_UNREACHABLE_CODE = YES;
				CLANG_WARN__DUPLICATE_METHOD_MATCH = YES;
				COPY_PHASE_STRIP = NO;
				DEBUG_INFORMATION_FORMAT = "dwarf-with-dsym";
				ENABLE_NS_ASSERTIONS = NO;
				ENABLE_STRICT_OBJC_MSGSEND = YES;
				GCC_C_LANGUAGE_STANDARD = gnu11;
				GCC_NO_COMMON_BLOCKS = YES;
				GCC_WARN_64_TO_32_BIT_CONVERSION = YES;
				GCC_WARN_ABOUT_RETURN_TYPE = YES_ERROR;
				GCC_WARN_UNDECLARED_SELECTOR = YES;
				GCC_WARN_UNINITIALIZED_AUTOS = YES_AGGRESSIVE;
				GCC_WARN_UNUSED_FUNCTION = YES;
				GCC_WARN_UNUSED_VARIABLE = YES;
				IPHONEOS_DEPLOYMENT_TARGET = 13.5;
				MTL_ENABLE_DEBUG_INFO = NO;
				MTL_FAST_MATH = YES;
				SDKROOT = iphoneos;
				VALIDATE_PRODUCT = YES;
			};
			name = Release;
		};
		FF745953248DCB3200FDF646 /* Debug */ = {
			isa = XCBuildConfiguration;
			baseConfigurationReference = 27D5A8525CE8CD3D6E74BE7E /* Pods-竞彩建模.debug.xcconfig */;
			buildSettings = {
				ASSETCATALOG_COMPILER_APPICON_NAME = AppIcon;
				CODE_SIGN_STYLE = Automatic;
				DEVELOPMENT_TEAM = 9DJ8U64WJH;
				GCC_INCREASE_PRECOMPILED_HEADER_SHARING = NO;
				GCC_PREFIX_HEADER = "竞彩建模/Config/PrefixHeader.pch";
				INFOPLIST_FILE = "竞彩建模/Info.plist";
				IPHONEOS_DEPLOYMENT_TARGET = 9.0;
				LD_RUNPATH_SEARCH_PATHS = (
					"$(inherited)",
					"@executable_path/Frameworks",
				);
				MARKETING_VERSION = 1.0.9;
				PRODUCT_BUNDLE_IDENTIFIER = com.ggx.app;
				PRODUCT_NAME = "建模";
				TARGETED_DEVICE_FAMILY = "1,2";
			};
			name = Debug;
		};
		FF745954248DCB3200FDF646 /* Release */ = {
			isa = XCBuildConfiguration;
			baseConfigurationReference = 8DF31F5D0D961AF997DF13EE /* Pods-竞彩建模.release.xcconfig */;
			buildSettings = {
				ASSETCATALOG_COMPILER_APPICON_NAME = AppIcon;
				CODE_SIGN_STYLE = Automatic;
				DEVELOPMENT_TEAM = 9DJ8U64WJH;
				GCC_INCREASE_PRECOMPILED_HEADER_SHARING = NO;
				GCC_PREFIX_HEADER = "竞彩建模/Config/PrefixHeader.pch";
				INFOPLIST_FILE = "竞彩建模/Info.plist";
				IPHONEOS_DEPLOYMENT_TARGET = 9.0;
				LD_RUNPATH_SEARCH_PATHS = (
					"$(inherited)",
					"@executable_path/Frameworks",
				);
				MARKETING_VERSION = 1.0.9;
				PRODUCT_BUNDLE_IDENTIFIER = com.ggx.app;
				PRODUCT_NAME = "建模";
				TARGETED_DEVICE_FAMILY = "1,2";
			};
			name = Release;
		};
		FF745956248DCB3200FDF646 /* Debug */ = {
			isa = XCBuildConfiguration;
			buildSettings = {
				BUNDLE_LOADER = "$(TEST_HOST)";
				CODE_SIGN_STYLE = Automatic;
				DEVELOPMENT_TEAM = 9DJ8U64WJH;
				INFOPLIST_FILE = "竞彩建模Tests/Info.plist";
				IPHONEOS_DEPLOYMENT_TARGET = 13.5;
				LD_RUNPATH_SEARCH_PATHS = (
					"$(inherited)",
					"@executable_path/Frameworks",
					"@loader_path/Frameworks",
				);
				PRODUCT_BUNDLE_IDENTIFIER = "ggx.----Tests";
				PRODUCT_NAME = "$(TARGET_NAME)";
				TARGETED_DEVICE_FAMILY = "1,2";
				TEST_HOST = "$(BUILT_PRODUCTS_DIR)/竞彩建模.app/竞彩建模";
			};
			name = Debug;
		};
		FF745957248DCB3200FDF646 /* Release */ = {
			isa = XCBuildConfiguration;
			buildSettings = {
				BUNDLE_LOADER = "$(TEST_HOST)";
				CODE_SIGN_STYLE = Automatic;
				DEVELOPMENT_TEAM = 9DJ8U64WJH;
				INFOPLIST_FILE = "竞彩建模Tests/Info.plist";
				IPHONEOS_DEPLOYMENT_TARGET = 13.5;
				LD_RUNPATH_SEARCH_PATHS = (
					"$(inherited)",
					"@executable_path/Frameworks",
					"@loader_path/Frameworks",
				);
				PRODUCT_BUNDLE_IDENTIFIER = "ggx.----Tests";
				PRODUCT_NAME = "$(TARGET_NAME)";
				TARGETED_DEVICE_FAMILY = "1,2";
				TEST_HOST = "$(BUILT_PRODUCTS_DIR)/竞彩建模.app/竞彩建模";
			};
			name = Release;
		};
		FF745959248DCB3200FDF646 /* Debug */ = {
			isa = XCBuildConfiguration;
			buildSettings = {
				CODE_SIGN_STYLE = Automatic;
				DEVELOPMENT_TEAM = 9DJ8U64WJH;
				INFOPLIST_FILE = "竞彩建模UITests/Info.plist";
				LD_RUNPATH_SEARCH_PATHS = (
					"$(inherited)",
					"@executable_path/Frameworks",
					"@loader_path/Frameworks",
				);
				PRODUCT_BUNDLE_IDENTIFIER = "ggx.----UITests";
				PRODUCT_NAME = "$(TARGET_NAME)";
				TARGETED_DEVICE_FAMILY = "1,2";
				TEST_TARGET_NAME = "竞彩建模";
			};
			name = Debug;
		};
		FF74595A248DCB3200FDF646 /* Release */ = {
			isa = XCBuildConfiguration;
			buildSettings = {
				CODE_SIGN_STYLE = Automatic;
				DEVELOPMENT_TEAM = 9DJ8U64WJH;
				INFOPLIST_FILE = "竞彩建模UITests/Info.plist";
				LD_RUNPATH_SEARCH_PATHS = (
					"$(inherited)",
					"@executable_path/Frameworks",
					"@loader_path/Frameworks",
				);
				PRODUCT_BUNDLE_IDENTIFIER = "ggx.----UITests";
				PRODUCT_NAME = "$(TARGET_NAME)";
				TARGETED_DEVICE_FAMILY = "1,2";
				TEST_TARGET_NAME = "竞彩建模";
			};
			name = Release;
		};
/* End XCBuildConfiguration section */

/* Begin XCConfigurationList section */
		FF74591E248DCB2F00FDF646 /* Build configuration list for PBXProject "竞彩建模" */ = {
			isa = XCConfigurationList;
			buildConfigurations = (
				FF745950248DCB3200FDF646 /* Debug */,
				FF745951248DCB3200FDF646 /* Release */,
			);
			defaultConfigurationIsVisible = 0;
			defaultConfigurationName = Release;
		};
		FF745952248DCB3200FDF646 /* Build configuration list for PBXNativeTarget "竞彩建模" */ = {
			isa = XCConfigurationList;
			buildConfigurations = (
				FF745953248DCB3200FDF646 /* Debug */,
				FF745954248DCB3200FDF646 /* Release */,
			);
			defaultConfigurationIsVisible = 0;
			defaultConfigurationName = Release;
		};
		FF745955248DCB3200FDF646 /* Build configuration list for PBXNativeTarget "竞彩建模Tests" */ = {
			isa = XCConfigurationList;
			buildConfigurations = (
				FF745956248DCB3200FDF646 /* Debug */,
				FF745957248DCB3200FDF646 /* Release */,
			);
			defaultConfigurationIsVisible = 0;
			defaultConfigurationName = Release;
		};
		FF745958248DCB3200FDF646 /* Build configuration list for PBXNativeTarget "竞彩建模UITests" */ = {
			isa = XCConfigurationList;
			buildConfigurations = (
				FF745959248DCB3200FDF646 /* Debug */,
				FF74595A248DCB3200FDF646 /* Release */,
			);
			defaultConfigurationIsVisible = 0;
			defaultConfigurationName = Release;
		};
/* End XCConfigurationList section */
	};
	rootObject = FF74591B248DCB2F00FDF646 /* Project object */;
}
